schema: '2.0'
stages:
  data_ingestion:
    cmd: python src/data_ingestion.py
    deps:
    - path: src/data_ingestion.py
      hash: md5
      md5: 6a05a76164529eab85002d9f171f8430
      size: 3892
    params:
      params.yaml:
        data_ingestion.test_size: 0.15
    outs:
    - path: data/raw
      hash: md5
      md5: a15ba66afdf82f8659b031b175286ed3.dir
      size: 484846
      nfiles: 2
  data_preprocessing:
    cmd: python src/data_preprocessing.py
    deps:
    - path: data/raw
      hash: md5
      md5: a15ba66afdf82f8659b031b175286ed3.dir
      size: 484846
      nfiles: 2
    - path: src/data_preprocessing.py
      hash: md5
      md5: 5e4f6dd4f07abd96ce58ee1f7cfa04c9
      size: 4011
    outs:
    - path: data/interim
      hash: md5
      md5: 5ccf51949f899bfd7f05565da2bc7717.dir
      size: 259321
      nfiles: 2
  feature_engineering:
    cmd: python src/feature_engineering.py
    deps:
    - path: data/interim
      hash: md5
      md5: 5ccf51949f899bfd7f05565da2bc7717.dir
      size: 259321
      nfiles: 2
    - path: src/feature_engineering.py
      hash: md5
      md5: bb389aacb9c159413643c061298fe394
      size: 3911
    params:
      params.yaml:
        feature_engineering.max_features: 45
    outs:
    - path: data/processed
      hash: md5
      md5: d1e5cf67601894331bd09a56edfd3aae.dir
      size: 1063222
      nfiles: 2
  model_building:
    cmd: python src/model_building.py
    deps:
    - path: data/processed
      hash: md5
      md5: d1e5cf67601894331bd09a56edfd3aae.dir
      size: 1063222
      nfiles: 2
    - path: src/model_building.py
      hash: md5
      md5: 6b1fbf77158822ac9d00ca6c07671e45
      size: 4479
    params:
      params.yaml:
        model_building.n_estimators: 20
        model_building.random_state: 2
    outs:
    - path: models/model.pkl
      hash: md5
      md5: e96392003438e6bf200b2c93c64f221b
      size: 793922
  model_evaluation:
    cmd: python src/model_evaluation.py
    deps:
    - path: models/model.pkl
      hash: md5
      md5: e96392003438e6bf200b2c93c64f221b
      size: 793922
    - path: src/model_evaluation.py
      hash: md5
      md5: 227ac905986db872c359d4e3666821de
      size: 4629
    outs:
    - path: reports/metrics.json
      hash: md5
      md5: 80ff625632c17ea12b659c914193eb2a
      size: 145
